
Microsoft Visual Studio Solution File, Format Version 12.00
# Visual Studio Version 16
VisualStudioVersion = 16.0.31019.35
MinimumVisualStudioVersion = 10.0.40219.1
Project("{FAE04EC0-301F-11D3-BF4B-00C04F79EFBC}") = "ConsoleProgram", "ConsoleProgram\ConsoleProgram.csproj", "{C71B8513-C862-4CA6-BAE6-75CB40AC8D43}"
EndProject
Global
	GlobalSection(SolutionConfigurationPlatforms) = preSolution
		Debug|Any CPU = Debug|Any CPU
		Release|Any CPU = Release|Any CPU
	EndGlobalSection
	GlobalSection(ProjectConfigurationPlatforms) = postSolution
		{C71B8513-C862-4CA6-BAE6-75CB40AC8D43}.Debug|Any CPU.ActiveCfg = Debug|Any CPU
		{C71B8513-C862-4CA6-BAE6-75CB40AC8D43}.Debug|Any CPU.Build.0 = Debug|Any CPU
		{C71B8513-C862-4CA6-BAE6-75CB40AC8D43}.Release|Any CPU.ActiveCfg = Release|Any CPU
		{C71B8513-C862-4CA6-BAE6-75CB40AC8D43}.Release|Any CPU.Build.0 = Release|Any CPU
	EndGlobalSection
	GlobalSection(SolutionProperties) = preSolution
		HideSolutionNode = FALSE
	EndGlobalSection
	GlobalSection(ExtensibilityGlobals) = postSolution
		SolutionGuid = {965FF7ED-8D64-4F97-BE31-E5FCCE5A3174}
	EndGlobalSection
EndGlobal
